
Microsoft Visual Studio Solution File, Format Version 12.00
# Visual Studio Version 16
VisualStudioVersion = 16.0.29503.13
MinimumVisualStudioVersion = 10.0.40219.1
Project("{9A19103F-16F7-4668-BE54-9A1E7A4F7556}") = "AzureServicebusExporter", "AzureServicebusExporter\AzureServicebusExporter.csproj", "{3EC8DB9E-777F-4392-903A-77DEBF00DF78}"
EndProject
Project("{FAE04EC0-301F-11D3-BF4B-00C04F79EFBC}") = "AzureServicebusExporter.Tests", "AzureServicebusExporter.Tests\AzureServicebusExporter.Tests.csproj", "{1AB4CA17-988C-4596-95E3-E16E1D9D57D1}"
EndProject
Global
	GlobalSection(SolutionConfigurationPlatforms) = preSolution
		Debug|Any CPU = Debug|Any CPU
		Release|Any CPU = Release|Any CPU
	EndGlobalSection
	GlobalSection(ProjectConfigurationPlatforms) = postSolution
		{3EC8DB9E-777F-4392-903A-77DEBF00DF78}.Debug|Any CPU.ActiveCfg = Debug|Any CPU
		{3EC8DB9E-777F-4392-903A-77DEBF00DF78}.Debug|Any CPU.Build.0 = Debug|Any CPU
		{3EC8DB9E-777F-4392-903A-77DEBF00DF78}.Release|Any CPU.ActiveCfg = Release|Any CPU
		{3EC8DB9E-777F-4392-903A-77DEBF00DF78}.Release|Any CPU.Build.0 = Release|Any CPU
		{1AB4CA17-988C-4596-95E3-E16E1D9D57D1}.Debug|Any CPU.ActiveCfg = Debug|Any CPU
		{1AB4CA17-988C-4596-95E3-E16E1D9D57D1}.Debug|Any CPU.Build.0 = Debug|Any CPU
		{1AB4CA17-988C-4596-95E3-E16E1D9D57D1}.Release|Any CPU.ActiveCfg = Release|Any CPU
		{1AB4CA17-988C-4596-95E3-E16E1D9D57D1}.Release|Any CPU.Build.0 = Release|Any CPU
	EndGlobalSection
	GlobalSection(SolutionProperties) = preSolution
		HideSolutionNode = FALSE
	EndGlobalSection
	GlobalSection(ExtensibilityGlobals) = postSolution
		SolutionGuid = {A9239D19-1A0E-4467-85E2-92D1EA1A215C}
	EndGlobalSection
EndGlobal
